
Microsoft Visual Studio Solution File, Format Version 12.00
# Visual Studio Version 17
VisualStudioVersion = 17.10.35122.118
MinimumVisualStudioVersion = 10.0.40219.1
Project("{FAE04EC0-301F-11D3-BF4B-00C04F79EFBC}") = "Web mvd", "Web mvd.csproj", "{EA349A71-D44F-424C-B7EA-DA0FCE010EED}"
EndProject
Project("{FAE04EC0-301F-11D3-BF4B-00C04F79EFBC}") = "Data Access Layer", "..\Data Access Layer\Data Access Layer.csproj", "{58ED9239-2629-4AD9-BD92-0D6F54910B96}"
EndProject
Project("{FAE04EC0-301F-11D3-BF4B-00C04F79EFBC}") = "Logic layer", "..\Logic layer\Logic layer.csproj", "{404DCEA9-E112-42C4-A8BD-7E543D01EC71}"
EndProject
Global
	GlobalSection(SolutionConfigurationPlatforms) = preSolution
		Debug|Any CPU = Debug|Any CPU
		Release|Any CPU = Release|Any CPU
	EndGlobalSection
	GlobalSection(ProjectConfigurationPlatforms) = postSolution
		{EA349A71-D44F-424C-B7EA-DA0FCE010EED}.Debug|Any CPU.ActiveCfg = Debug|Any CPU
		{EA349A71-D44F-424C-B7EA-DA0FCE010EED}.Debug|Any CPU.Build.0 = Debug|Any CPU
		{EA349A71-D44F-424C-B7EA-DA0FCE010EED}.Release|Any CPU.ActiveCfg = Release|Any CPU
		{EA349A71-D44F-424C-B7EA-DA0FCE010EED}.Release|Any CPU.Build.0 = Release|Any CPU
		{58ED9239-2629-4AD9-BD92-0D6F54910B96}.Debug|Any CPU.ActiveCfg = Debug|Any CPU
		{58ED9239-2629-4AD9-BD92-0D6F54910B96}.Debug|Any CPU.Build.0 = Debug|Any CPU
		{58ED9239-2629-4AD9-BD92-0D6F54910B96}.Release|Any CPU.ActiveCfg = Release|Any CPU
		{58ED9239-2629-4AD9-BD92-0D6F54910B96}.Release|Any CPU.Build.0 = Release|Any CPU
		{404DCEA9-E112-42C4-A8BD-7E543D01EC71}.Debug|Any CPU.ActiveCfg = Debug|Any CPU
		{404DCEA9-E112-42C4-A8BD-7E543D01EC71}.Debug|Any CPU.Build.0 = Debug|Any CPU
		{404DCEA9-E112-42C4-A8BD-7E543D01EC71}.Release|Any CPU.ActiveCfg = Release|Any CPU
		{404DCEA9-E112-42C4-A8BD-7E543D01EC71}.Release|Any CPU.Build.0 = Release|Any CPU
	EndGlobalSection
	GlobalSection(SolutionProperties) = preSolution
		HideSolutionNode = FALSE
	EndGlobalSection
	GlobalSection(ExtensibilityGlobals) = postSolution
		SolutionGuid = {333BD69F-A74D-463F-92B0-65074C63573F}
	EndGlobalSection
EndGlobal
